// !$*UTF8*$!
{
	archiveVersion = 1;
	classes = {
	};
	objectVersion = 50;
	objects = {

/* Begin PBXBuildFile section */
		4AD11397CD3534CC13315B98 /* Pods_LegendTests.framework in Frameworks */ = {isa = PBXBuildFile; fileRef = DD9B80F537EF6C61C85AFE1D /* Pods_LegendTests.framework */; };
		5A360C6B2153D16600943DDC /* AppDelegate.swift in Sources */ = {isa = PBXBuildFile; fileRef = 5A360C6A2153D16600943DDC /* AppDelegate.swift */; };
		5A360C6D2153D16600943DDC /* ViewController.swift in Sources */ = {isa = PBXBuildFile; fileRef = 5A360C6C2153D16600943DDC /* ViewController.swift */; };
		5A360C702153D16600943DDC /* Main.storyboard in Resources */ = {isa = PBXBuildFile; fileRef = 5A360C6E2153D16600943DDC /* Main.storyboard */; };
		5A360C722153D16900943DDC /* Assets.xcassets in Resources */ = {isa = PBXBuildFile; fileRef = 5A360C712153D16900943DDC /* Assets.xcassets */; };
		5A360C752153D16900943DDC /* LaunchScreen.storyboard in Resources */ = {isa = PBXBuildFile; fileRef = 5A360C732153D16900943DDC /* LaunchScreen.storyboard */; };
		5A360C802153D16900943DDC /* LegendTests.swift in Sources */ = {isa = PBXBuildFile; fileRef = 5A360C7F2153D16900943DDC /* LegendTests.swift */; };
		981FE967C9DE58430551B3FE /* Pods_Legend.framework in Frameworks */ = {isa = PBXBuildFile; fileRef = 083A6AE117497A326F19F90A /* Pods_Legend.framework */; };
/* End PBXBuildFile section */

/* Begin PBXContainerItemProxy section */
		5A360C7C2153D16900943DDC /* PBXContainerItemProxy */ = {
			isa = PBXContainerItemProxy;
			containerPortal = 5A360C5F2153D16600943DDC /* Project object */;
			proxyType = 1;
			remoteGlobalIDString = 5A360C662153D16600943DDC;
			remoteInfo = Legend;
		};
/* End PBXContainerItemProxy section */

/* Begin PBXFileReference section */
		04A512A6E2846EC63E57CE4A /* Pods-Legend.debug.xcconfig */ = {isa = PBXFileReference; includeInIndex = 1; lastKnownFileType = text.xcconfig; name = "Pods-Legend.debug.xcconfig"; path = "Pods/Target Support Files/Pods-Legend/Pods-Legend.debug.xcconfig"; sourceTree = "<group>"; };
		083A6AE117497A326F19F90A /* Pods_Legend.framework */ = {isa = PBXFileReference; explicitFileType = wrapper.framework; includeInIndex = 0; path = Pods_Legend.framework; sourceTree = BUILT_PRODUCTS_DIR; };
		0EB02163F0F9B993CF7ADECC /* Pods-LegendTests.release.xcconfig */ = {isa = PBXFileReference; includeInIndex = 1; lastKnownFileType = text.xcconfig; name = "Pods-LegendTests.release.xcconfig"; path = "Pods/Target Support Files/Pods-LegendTests/Pods-LegendTests.release.xcconfig"; sourceTree = "<group>"; };
		16FF19D011959DABD863C3A8 /* Pods-LegendTests.debug.xcconfig */ = {isa = PBXFileReference; includeInIndex = 1; lastKnownFileType = text.xcconfig; name = "Pods-LegendTests.debug.xcconfig"; path = "Pods/Target Support Files/Pods-LegendTests/Pods-LegendTests.debug.xcconfig"; sourceTree = "<group>"; };
		5A360C672153D16600943DDC /* Legend.app */ = {isa = PBXFileReference; explicitFileType = wrapper.application; includeInIndex = 0; path = Legend.app; sourceTree = BUILT_PRODUCTS_DIR; };
		5A360C6A2153D16600943DDC /* AppDelegate.swift */ = {isa = PBXFileReference; lastKnownFileType = sourcecode.swift; path = AppDelegate.swift; sourceTree = "<group>"; };
		5A360C6C2153D16600943DDC /* ViewController.swift */ = {isa = PBXFileReference; lastKnownFileType = sourcecode.swift; path = ViewController.swift; sourceTree = "<group>"; };
		5A360C6F2153D16600943DDC /* Base */ = {isa = PBXFileReference; lastKnownFileType = file.storyboard; name = Base; path = Base.lproj/Main.storyboard; sourceTree = "<group>"; };
		5A360C712153D16900943DDC /* Assets.xcassets */ = {isa = PBXFileReference; lastKnownFileType = folder.assetcatalog; path = Assets.xcassets; sourceTree = "<group>"; };
		5A360C742153D16900943DDC /* Base */ = {isa = PBXFileReference; lastKnownFileType = file.storyboard; name = Base; path = Base.lproj/LaunchScreen.storyboard; sourceTree = "<group>"; };
		5A360C762153D16900943DDC /* Info.plist */ = {isa = PBXFileReference; lastKnownFileType = text.plist.xml; path = Info.plist; sourceTree = "<group>"; };
		5A360C7B2153D16900943DDC /* LegendTests.xctest */ = {isa = PBXFileReference; explicitFileType = wrapper.cfbundle; includeInIndex = 0; path = LegendTests.xctest; sourceTree = BUILT_PRODUCTS_DIR; };
		5A360C7F2153D16900943DDC /* LegendTests.swift */ = {isa = PBXFileReference; lastKnownFileType = sourcecode.swift; path = LegendTests.swift; sourceTree = "<group>"; };
		5A360C812153D16900943DDC /* Info.plist */ = {isa = PBXFileReference; lastKnownFileType = text.plist.xml; path = Info.plist; sourceTree = "<group>"; };
		A93BD55468D17393DE0B273D /* Pods-Legend.release.xcconfig */ = {isa = PBXFileReference; includeInIndex = 1; lastKnownFileType = text.xcconfig; name = "Pods-Legend.release.xcconfig"; path = "Pods/Target Support Files/Pods-Legend/Pods-Legend.release.xcconfig"; sourceTree = "<group>"; };
		DD9B80F537EF6C61C85AFE1D /* Pods_LegendTests.framework */ = {isa = PBXFileReference; explicitFileType = wrapper.framework; includeInIndex = 0; path = Pods_LegendTests.framework; sourceTree = BUILT_PRODUCTS_DIR; };
/* End PBXFileReference section */

/* Begin PBXFrameworksBuildPhase section */
		5A360C642153D16600943DDC /* Frameworks */ = {
			isa = PBXFrameworksBuildPhase;
			buildActionMask = 2147483647;
			files = (
				981FE967C9DE58430551B3FE /* Pods_Legend.framework in Frameworks */,
			);
			runOnlyForDeploymentPostprocessing = 0;
		};
		5A360C782153D16900943DDC /* Frameworks */ = {
			isa = PBXFrameworksBuildPhase;
			buildActionMask = 2147483647;
			files = (
				4AD11397CD3534CC13315B98 /* Pods_LegendTests.framework in Frameworks */,
			);
			runOnlyForDeploymentPostprocessing = 0;
		};
/* End PBXFrameworksBuildPhase section */

/* Begin PBXGroup section */
		30E7AE04E40FC9FA399C1BDB /* Frameworks */ = {
			isa = PBXGroup;
			children = (
				083A6AE117497A326F19F90A /* Pods_Legend.framework */,
				DD9B80F537EF6C61C85AFE1D /* Pods_LegendTests.framework */,
			);
			name = Frameworks;
			sourceTree = "<group>";
		};
		5A360C5E2153D16600943DDC = {
			isa = PBXGroup;
			children = (
				5A360C692153D16600943DDC /* Legend */,
				5A360C7E2153D16900943DDC /* LegendTests */,
				5A360C682153D16600943DDC /* Products */,
				EB011561EA1177B1D087646C /* Pods */,
				30E7AE04E40FC9FA399C1BDB /* Frameworks */,
			);
			sourceTree = "<group>";
		};
		5A360C682153D16600943DDC /* Products */ = {
			isa = PBXGroup;
			children = (
				5A360C672153D16600943DDC /* Legend.app */,
				5A360C7B2153D16900943DDC /* LegendTests.xctest */,
			);
			name = Products;
			sourceTree = "<group>";
		};
		5A360C692153D16600943DDC /* Legend */ = {
			isa = PBXGroup;
			children = (
				5A360C6A2153D16600943DDC /* AppDelegate.swift */,
				5A360C6C2153D16600943DDC /* ViewController.swift */,
				5A360C6E2153D16600943DDC /* Main.storyboard */,
				5A360C712153D16900943DDC /* Assets.xcassets */,
				5A360C732153D16900943DDC /* LaunchScreen.storyboard */,
				5A360C762153D16900943DDC /* Info.plist */,
			);
			path = Legend;
			sourceTree = "<group>";
		};
		5A360C7E2153D16900943DDC /* LegendTests */ = {
			isa = PBXGroup;
			children = (
				5A360C7F2153D16900943DDC /* LegendTests.swift */,
				5A360C812153D16900943DDC /* Info.plist */,
			);
			path = LegendTests;
			sourceTree = "<group>";
		};
		EB011561EA1177B1D087646C /* Pods */ = {
			isa = PBXGroup;
			children = (
				04A512A6E2846EC63E57CE4A /* Pods-Legend.debug.xcconfig */,
				A93BD55468D17393DE0B273D /* Pods-Legend.release.xcconfig */,
				16FF19D011959DABD863C3A8 /* Pods-LegendTests.debug.xcconfig */,
				0EB02163F0F9B993CF7ADECC /* Pods-LegendTests.release.xcconfig */,
			);
			name = Pods;
			sourceTree = "<group>";
		};
/* End PBXGroup section */

/* Begin PBXNativeTarget section */
		5A360C662153D16600943DDC /* Legend */ = {
			isa = PBXNativeTarget;
			buildConfigurationList = 5A360C842153D16900943DDC /* Build configuration list for PBXNativeTarget "Legend" */;
			buildPhases = (
				E2EEDA473553C8E2A20FE993 /* [CP] Check Pods Manifest.lock */,
				5A360C632153D16600943DDC /* Sources */,
				5A360C642153D16600943DDC /* Frameworks */,
				5A360C652153D16600943DDC /* Resources */,
			);
			buildRules = (
			);
			dependencies = (
			);
			name = Legend;
			productName = Legend;
			productReference = 5A360C672153D16600943DDC /* Legend.app */;
			productType = "com.apple.product-type.application";
		};
		5A360C7A2153D16900943DDC /* LegendTests */ = {
			isa = PBXNativeTarget;
			buildConfigurationList = 5A360C872153D16900943DDC /* Build configuration list for PBXNativeTarget "LegendTests" */;
			buildPhases = (
				EF3492510D337226BFD2BB4A /* [CP] Check Pods Manifest.lock */,
				5A360C772153D16900943DDC /* Sources */,
				5A360C782153D16900943DDC /* Frameworks */,
				5A360C792153D16900943DDC /* Resources */,
				2B5FF23009C900CB41236B45 /* [CP] Embed Pods Frameworks */,
			);
			buildRules = (
			);
			dependencies = (
				5A360C7D2153D16900943DDC /* PBXTargetDependency */,
			);
			name = LegendTests;
			productName = LegendTests;
			productReference = 5A360C7B2153D16900943DDC /* LegendTests.xctest */;
			productType = "com.apple.product-type.bundle.unit-test";
		};
/* End PBXNativeTarget section */

/* Begin PBXProject section */
		5A360C5F2153D16600943DDC /* Project object */ = {
			isa = PBXProject;
			attributes = {
				LastSwiftUpdateCheck = 0940;
				LastUpgradeCheck = 0940;
				ORGANIZATIONNAME = And;
				TargetAttributes = {
					5A360C662153D16600943DDC = {
						CreatedOnToolsVersion = 9.4.1;
					};
					5A360C7A2153D16900943DDC = {
						CreatedOnToolsVersion = 9.4.1;
						TestTargetID = 5A360C662153D16600943DDC;
					};
				};
			};
			buildConfigurationList = 5A360C622153D16600943DDC /* Build configuration list for PBXProject "Legend" */;
			compatibilityVersion = "Xcode 9.3";
			developmentRegion = en;
			hasScannedForEncodings = 0;
			knownRegions = (
				en,
				Base,
			);
			mainGroup = 5A360C5E2153D16600943DDC;
			productRefGroup = 5A360C682153D16600943DDC /* Products */;
			projectDirPath = "";
			projectRoot = "";
			targets = (
				5A360C662153D16600943DDC /* Legend */,
				5A360C7A2153D16900943DDC /* LegendTests */,
			);
		};
/* End PBXProject section */

/* Begin PBXResourcesBuildPhase section */
		5A360C652153D16600943DDC /* Resources */ = {
			isa = PBXResourcesBuildPhase;
			buildActionMask = 2147483647;
			files = (
				5A360C752153D16900943DDC /* LaunchScreen.storyboard in Resources */,
				5A360C722153D16900943DDC /* Assets.xcassets in Resources */,
				5A360C702153D16600943DDC /* Main.storyboard in Resources */,
			);
			runOnlyForDeploymentPostprocessing = 0;
		};
		5A360C792153D16900943DDC /* Resources */ = {
			isa = PBXResourcesBuildPhase;
			buildActionMask = 2147483647;
			files = (
			);
			runOnlyForDeploymentPostprocessing = 0;
		};
/* End PBXResourcesBuildPhase section */

/* Begin PBXShellScriptBuildPhase section */
		2B5FF23009C900CB41236B45 /* [CP] Embed Pods Frameworks */ = {
			isa = PBXShellScriptBuildPhase;
			buildActionMask = 2147483647;
			files = (
			);
			inputFileListPaths = (
			);
			inputPaths = (
				"${SRCROOT}/Pods/Target Support Files/Pods-LegendTests/Pods-LegendTests-frameworks.sh",
				"${BUILT_PRODUCTS_DIR}/Nuke/Nuke.framework",
				"${BUILT_PRODUCTS_DIR}/Realm/Realm.framework",
				"${BUILT_PRODUCTS_DIR}/RealmSwift/RealmSwift.framework",
				"${BUILT_PRODUCTS_DIR}/Starscream/Starscream.framework",
				"${BUILT_PRODUCTS_DIR}/SwiftyJSON/SwiftyJSON.framework",
			);
			name = "[CP] Embed Pods Frameworks";
			outputFileListPaths = (
			);
			outputPaths = (
				"${TARGET_BUILD_DIR}/${FRAMEWORKS_FOLDER_PATH}/Nuke.framework",
				"${TARGET_BUILD_DIR}/${FRAMEWORKS_FOLDER_PATH}/Realm.framework",
				"${TARGET_BUILD_DIR}/${FRAMEWORKS_FOLDER_PATH}/RealmSwift.framework",
				"${TARGET_BUILD_DIR}/${FRAMEWORKS_FOLDER_PATH}/Starscream.framework",
				"${TARGET_BUILD_DIR}/${FRAMEWORKS_FOLDER_PATH}/SwiftyJSON.framework",
			);
			runOnlyForDeploymentPostprocessing = 0;
			shellPath = /bin/sh;
			shellScript = "\"${SRCROOT}/Pods/Target Support Files/Pods-LegendTests/Pods-LegendTests-frameworks.sh\"\n";
			showEnvVarsInLog = 0;
		};
		E2EEDA473553C8E2A20FE993 /* [CP] Check Pods Manifest.lock */ = {
			isa = PBXShellScriptBuildPhase;
			buildActionMask = 2147483647;
			files = (
			);
			inputFileListPaths = (
			);
			inputPaths = (
				"${PODS_PODFILE_DIR_PATH}/Podfile.lock",
				"${PODS_ROOT}/Manifest.lock",
			);
			name = "[CP] Check Pods Manifest.lock";
			outputFileListPaths = (
			);
			outputPaths = (
				"$(DERIVED_FILE_DIR)/Pods-Legend-checkManifestLockResult.txt",
			);
			runOnlyForDeploymentPostprocessing = 0;
			shellPath = /bin/sh;
			shellScript = "diff \"${PODS_PODFILE_DIR_PATH}/Podfile.lock\" \"${PODS_ROOT}/Manifest.lock\" > /dev/null\nif [ $? != 0 ] ; then\n    # print error to STDERR\n    echo \"error: The sandbox is not in sync with the Podfile.lock. Run 'pod install' or update your CocoaPods installation.\" >&2\n    exit 1\nfi\n# This output is used by Xcode 'outputs' to avoid re-running this script phase.\necho \"SUCCESS\" > \"${SCRIPT_OUTPUT_FILE_0}\"\n";
			showEnvVarsInLog = 0;
		};
		EF3492510D337226BFD2BB4A /* [CP] Check Pods Manifest.lock */ = {
			isa = PBXShellScriptBuildPhase;
			buildActionMask = 2147483647;
			files = (
			);
			inputFileListPaths = (
			);
			inputPaths = (
				"${PODS_PODFILE_DIR_PATH}/Podfile.lock",
				"${PODS_ROOT}/Manifest.lock",
			);
			name = "[CP] Check Pods Manifest.lock";
			outputFileListPaths = (
			);
			outputPaths = (
				"$(DERIVED_FILE_DIR)/Pods-LegendTests-checkManifestLockResult.txt",
			);
			runOnlyForDeploymentPostprocessing = 0;
			shellPath = /bin/sh;
			shellScript = "diff \"${PODS_PODFILE_DIR_PATH}/Podfile.lock\" \"${PODS_ROOT}/Manifest.lock\" > /dev/null\nif [ $? != 0 ] ; then\n    # print error to STDERR\n    echo \"error: The sandbox is not in sync with the Podfile.lock. Run 'pod install' or update your CocoaPods installation.\" >&2\n    exit 1\nfi\n# This output is used by Xcode 'outputs' to avoid re-running this script phase.\necho \"SUCCESS\" > \"${SCRIPT_OUTPUT_FILE_0}\"\n";
			showEnvVarsInLog = 0;
		};
/* End PBXShellScriptBuildPhase section */

/* Begin PBXSourcesBuildPhase section */
		5A360C632153D16600943DDC /* Sources */ = {
			isa = PBXSourcesBuildPhase;
			buildActionMask = 2147483647;
			files = (
				5A360C6D2153D16600943DDC /* ViewController.swift in Sources */,
				5A360C6B2153D16600943DDC /* AppDelegate.swift in Sources */,
			);
			runOnlyForDeploymentPostprocessing = 0;
		};
		5A360C772153D16900943DDC /* Sources */ = {
			isa = PBXSourcesBuildPhase;
			buildActionMask = 2147483647;
			files = (
				5A360C802153D16900943DDC /* LegendTests.swift in Sources */,
			);
			runOnlyForDeploymentPostprocessing = 0;
		};
/* End PBXSourcesBuildPhase section */

/* Begin PBXTargetDependency section */
		5A360C7D2153D16900943DDC /* PBXTargetDependency */ = {
			isa = PBXTargetDependency;
			target = 5A360C662153D16600943DDC /* Legend */;
			targetProxy = 5A360C7C2153D16900943DDC /* PBXContainerItemProxy */;
		};
/* End PBXTargetDependency section */

/* Begin PBXVariantGroup section */
		5A360C6E2153D16600943DDC /* Main.storyboard */ = {
			isa = PBXVariantGroup;
			children = (
				5A360C6F2153D16600943DDC /* Base */,
			);
			name = Main.storyboard;
			sourceTree = "<group>";
		};
		5A360C732153D16900943DDC /* LaunchScreen.storyboard */ = {
			isa = PBXVariantGroup;
			children = (
				5A360C742153D16900943DDC /* Base */,
			);
			name = LaunchScreen.storyboard;
			sourceTree = "<group>";
		};
/* End PBXVariantGroup section */

/* Begin XCBuildConfiguration section */
		5A360C822153D16900943DDC /* Debug */ = {
			isa = XCBuildConfiguration;
			buildSettings = {
				ALWAYS_SEARCH_USER_PATHS = NO;
				CLANG_ANALYZER_NONNULL = YES;
				CLANG_ANALYZER_NUMBER_OBJECT_CONVERSION = YES_AGGRESSIVE;
				CLANG_CXX_LANGUAGE_STANDARD = "gnu++14";
				CLANG_CXX_LIBRARY = "libc++";
				CLANG_ENABLE_MODULES = YES;
				CLANG_ENABLE_OBJC_ARC = YES;
				CLANG_ENABLE_OBJC_WEAK = YES;
				CLANG_WARN_BLOCK_CAPTURE_AUTORELEASING = YES;
				CLANG_WARN_BOOL_CONVERSION = YES;
				CLANG_WARN_COMMA = YES;
				CLANG_WARN_CONSTANT_CONVERSION = YES;
				CLANG_WARN_DEPRECATED_OBJC_IMPLEMENTATIONS = YES;
				CLANG_WARN_DIRECT_OBJC_ISA_USAGE = YES_ERROR;
				CLANG_WARN_DOCUMENTATION_COMMENTS = YES;
				CLANG_WARN_EMPTY_BODY = YES;
				CLANG_WARN_ENUM_CONVERSION = YES;
				CLANG_WARN_INFINITE_RECURSION = YES;
				CLANG_WARN_INT_CONVERSION = YES;
				CLANG_WARN_NON_LITERAL_NULL_CONVERSION = YES;
				CLANG_WARN_OBJC_IMPLICIT_RETAIN_SELF = YES;
				CLANG_WARN_OBJC_LITERAL_CONVERSION = YES;
				CLANG_WARN_OBJC_ROOT_CLASS = YES_ERROR;
				CLANG_WARN_RANGE_LOOP_ANALYSIS = YES;
				CLANG_WARN_STRICT_PROTOTYPES = YES;
				CLANG_WARN_SUSPICIOUS_MOVE = YES;
				CLANG_WARN_UNGUARDED_AVAILABILITY = YES_AGGRESSIVE;
				CLANG_WARN_UNREACHABLE_CODE = YES;
				CLANG_WARN__DUPLICATE_METHOD_MATCH = YES;
				CODE_SIGN_IDENTITY = "iPhone Developer";
				COPY_PHASE_STRIP = NO;
				DEBUG_INFORMATION_FORMAT = dwarf;
				ENABLE_STRICT_OBJC_MSGSEND = YES;
				ENABLE_TESTABILITY = YES;
				GCC_C_LANGUAGE_STANDARD = gnu11;
				GCC_DYNAMIC_NO_PIC = NO;
				GCC_NO_COMMON_BLOCKS = YES;
				GCC_OPTIMIZATION_LEVEL = 0;
				GCC_PREPROCESSOR_DEFINITIONS = (
					"DEBUG=1",
					"$(inherited)",
				);
				GCC_WARN_64_TO_32_BIT_CONVERSION = YES;
				GCC_WARN_ABOUT_RETURN_TYPE = YES_ERROR;
				GCC_WARN_UNDECLARED_SELECTOR = YES;
				GCC_WARN_UNINITIALIZED_AUTOS = YES_AGGRESSIVE;
				GCC_WARN_UNUSED_FUNCTION = YES;
				GCC_WARN_UNUSED_VARIABLE = YES;
				IPHONEOS_DEPLOYMENT_TARGET = 11.4;
				MTL_ENABLE_DEBUG_INFO = YES;
				ONLY_ACTIVE_ARCH = YES;
				SDKROOT = iphoneos;
				SWIFT_ACTIVE_COMPILATION_CONDITIONS = DEBUG;
				SWIFT_OPTIMIZATION_LEVEL = "-Onone";
			};
			name = Debug;
		};
		5A360C832153D16900943DDC /* Release */ = {
			isa = XCBuildConfiguration;
			buildSettings = {
				ALWAYS_SEARCH_USER_PATHS = NO;
				CLANG_ANALYZER_NONNULL = YES;
				CLANG_ANALYZER_NUMBER_OBJECT_CONVERSION = YES_AGGRESSIVE;
				CLANG_CXX_LANGUAGE_STANDARD = "gnu++14";
				CLANG_CXX_LIBRARY = "libc++";
				CLANG_ENABLE_MODULES = YES;
				CLANG_ENABLE_OBJC_ARC = YES;
				CLANG_ENABLE_OBJC_WEAK = YES;
				CLANG_WARN_BLOCK_CAPTURE_AUTORELEASING = YES;
				CLANG_WARN_BOOL_CONVERSION = YES;
				CLANG_WARN_COMMA = YES;
				CLANG_WARN_CONSTANT_CONVERSION = YES;
				CLANG_WARN_DEPRECATED_OBJC_IMPLEMENTATIONS = YES;
				CLANG_WARN_DIRECT_OBJC_ISA_USAGE = YES_ERROR;
				CLANG_WARN_DOCUMENTATION_COMMENTS = YES;
				CLANG_WARN_EMPTY_BODY = YES;
				CLANG_WARN_ENUM_CONVERSION = YES;
				CLANG_WARN_INFINITE_RECURSION = YES;
				CLANG_WARN_INT_CONVERSION = YES;
				CLANG_WARN_NON_LITERAL_NULL_CONVERSION = YES;
				CLANG_WARN_OBJC_IMPLICIT_RETAIN_SELF = YES;
				CLANG_WARN_OBJC_LITERAL_CONVERSION = YES;
				CLANG_WARN_OBJC_ROOT_CLASS = YES_ERROR;
				CLANG_WARN_RANGE_LOOP_ANALYSIS = YES;
				CLANG_WARN_STRICT_PROTOTYPES = YES;
				CLANG_WARN_SUSPICIOUS_MOVE = YES;
				CLANG_WARN_UNGUARDED_AVAILABILITY = YES_AGGRESSIVE;
				CLANG_WARN_UNREACHABLE_CODE = YES;
				CLANG_WARN__DUPLICATE_METHOD_MATCH = YES;
				CODE_SIGN_IDENTITY = "iPhone Developer";
				COPY_PHASE_STRIP = NO;
				DEBUG_INFORMATION_FORMAT = "dwarf-with-dsym";
				ENABLE_NS_ASSERTIONS = NO;
				ENABLE_STRICT_OBJC_MSGSEND = YES;
				GCC_C_LANGUAGE_STANDARD = gnu11;
				GCC_NO_COMMON_BLOCKS = YES;
				GCC_WARN_64_TO_32_BIT_CONVERSION = YES;
				GCC_WARN_ABOUT_RETURN_TYPE = YES_ERROR;
				GCC_WARN_UNDECLARED_SELECTOR = YES;
				GCC_WARN_UNINITIALIZED_AUTOS = YES_AGGRESSIVE;
				GCC_WARN_UNUSED_FUNCTION = YES;
				GCC_WARN_UNUSED_VARIABLE = YES;
				IPHONEOS_DEPLOYMENT_TARGET = 11.4;
				MTL_ENABLE_DEBUG_INFO = NO;
				SDKROOT = iphoneos;
				SWIFT_COMPILATION_MODE = wholemodule;
				SWIFT_OPTIMIZATION_LEVEL = "-O";
				VALIDATE_PRODUCT = YES;
			};
			name = Release;
		};
		5A360C852153D16900943DDC /* Debug */ = {
			isa = XCBuildConfiguration;
			baseConfigurationReference = 04A512A6E2846EC63E57CE4A /* Pods-Legend.debug.xcconfig */;
			buildSettings = {
				ASSETCATALOG_COMPILER_APPICON_NAME = AppIcon;
				CODE_SIGN_STYLE = Automatic;
				DEVELOPMENT_TEAM = BP324SX4AT;
				INFOPLIST_FILE = Legend/Info.plist;
				LD_RUNPATH_SEARCH_PATHS = (
					"$(inherited)",
					"@executable_path/Frameworks",
				);
				PRODUCT_BUNDLE_IDENTIFIER = studio.and.Legend;
				PRODUCT_NAME = "$(TARGET_NAME)";
				SWIFT_VERSION = 4.0;
				TARGETED_DEVICE_FAMILY = "1,2";
			};
			name = Debug;
		};
		5A360C862153D16900943DDC /* Release */ = {
			isa = XCBuildConfiguration;
			baseConfigurationReference = A93BD55468D17393DE0B273D /* Pods-Legend.release.xcconfig */;
			buildSettings = {
				ASSETCATALOG_COMPILER_APPICON_NAME = AppIcon;
				CODE_SIGN_STYLE = Automatic;
				DEVELOPMENT_TEAM = BP324SX4AT;
				INFOPLIST_FILE = Legend/Info.plist;
				LD_RUNPATH_SEARCH_PATHS = (
					"$(inherited)",
					"@executable_path/Frameworks",
				);
				PRODUCT_BUNDLE_IDENTIFIER = studio.and.Legend;
				PRODUCT_NAME = "$(TARGET_NAME)";
				SWIFT_VERSION = 4.0;
				TARGETED_DEVICE_FAMILY = "1,2";
			};
			name = Release;
		};
		5A360C882153D16900943DDC /* Debug */ = {
			isa = XCBuildConfiguration;
			baseConfigurationReference = 16FF19D011959DABD863C3A8 /* Pods-LegendTests.debug.xcconfig */;
			buildSettings = {
				ALWAYS_EMBED_SWIFT_STANDARD_LIBRARIES = YES;
				BUNDLE_LOADER = "$(TEST_HOST)";
				CODE_SIGN_STYLE = Automatic;
				DEVELOPMENT_TEAM = BP324SX4AT;
				INFOPLIST_FILE = LegendTests/Info.plist;
				LD_RUNPATH_SEARCH_PATHS = (
					"$(inherited)",
					"@executable_path/Frameworks",
					"@loader_path/Frameworks",
				);
				PRODUCT_BUNDLE_IDENTIFIER = studio.and.LegendTests;
				PRODUCT_NAME = "$(TARGET_NAME)";
				SWIFT_VERSION = 4.0;
				TARGETED_DEVICE_FAMILY = "1,2";
				TEST_HOST = "$(BUILT_PRODUCTS_DIR)/Legend.app/Legend";
			};
			name = Debug;
		};
		5A360C892153D16900943DDC /* Release */ = {
			isa = XCBuildConfiguration;
			baseConfigurationReference = 0EB02163F0F9B993CF7ADECC /* Pods-LegendTests.release.xcconfig */;
			buildSettings = {
				ALWAYS_EMBED_SWIFT_STANDARD_LIBRARIES = YES;
				BUNDLE_LOADER = "$(TEST_HOST)";
				CODE_SIGN_STYLE = Automatic;
				DEVELOPMENT_TEAM = BP324SX4AT;
				INFOPLIST_FILE = LegendTests/Info.plist;
				LD_RUNPATH_SEARCH_PATHS = (
					"$(inherited)",
					"@executable_path/Frameworks",
					"@loader_path/Frameworks",
				);
				PRODUCT_BUNDLE_IDENTIFIER = studio.and.LegendTests;
				PRODUCT_NAME = "$(TARGET_NAME)";
				SWIFT_VERSION = 4.0;
				TARGETED_DEVICE_FAMILY = "1,2";
				TEST_HOST = "$(BUILT_PRODUCTS_DIR)/Legend.app/Legend";
			};
			name = Release;
		};
/* End XCBuildConfiguration section */

/* Begin XCConfigurationList section */
		5A360C622153D16600943DDC /* Build configuration list for PBXProject "Legend" */ = {
			isa = XCConfigurationList;
			buildConfigurations = (
				5A360C822153D16900943DDC /* Debug */,
				5A360C832153D16900943DDC /* Release */,
			);
			defaultConfigurationIsVisible = 0;
			defaultConfigurationName = Release;
		};
		5A360C842153D16900943DDC /* Build configuration list for PBXNativeTarget "Legend" */ = {
			isa = XCConfigurationList;
			buildConfigurations = (
				5A360C852153D16900943DDC /* Debug */,
				5A360C862153D16900943DDC /* Release */,
			);
			defaultConfigurationIsVisible = 0;
			defaultConfigurationName = Release;
		};
		5A360C872153D16900943DDC /* Build configuration list for PBXNativeTarget "LegendTests" */ = {
			isa = XCConfigurationList;
			buildConfigurations = (
				5A360C882153D16900943DDC /* Debug */,
				5A360C892153D16900943DDC /* Release */,
			);
			defaultConfigurationIsVisible = 0;
			defaultConfigurationName = Release;
		};
/* End XCConfigurationList section */
	};
	rootObject = 5A360C5F2153D16600943DDC /* Project object */;
}
